[[package]]
name = "huey"
version = "2.4.3"
description = "huey, a little task queue"
category = "main"
optional = false
python-versions = "*"

[package.extras]
backends = ["redis (>=3.0.0)"]
redis = ["redis (>=3.0.0)"]

[metadata]
lock-version = "1.1"
python-versions = "^3.7"
content-hash = "b9199620eb7cb3f880552987afac13b8bd0706d7f497e28f1dc6df85732abda1"

[metadata.files]
huey = [
    {file = "huey-2.4.3.tar.gz", hash = "sha256:4fa2f6055d581778c3bcf93fc8c9ce87aecc2a345d5ff35bd955da152c02ef37"},
]
